
Microsoft Visual Studio Solution File, Format Version 12.00
# Visual Studio Version 16
VisualStudioVersion = 16.0.30114.105
MinimumVisualStudioVersion = 10.0.40219.1
Project("{FAE04EC0-301F-11D3-BF4B-00C04F79EFBC}") = "MVCActionMethods", "MVCActionMethods\MVCActionMethods.csproj", "{4EF0FBFE-9C6E-4B38-8B5F-8231D67EFF3B}"
EndProject
Global
	GlobalSection(SolutionConfigurationPlatforms) = preSolution
		Debug|Any CPU = Debug|Any CPU
		Release|Any CPU = Release|Any CPU
	EndGlobalSection
	GlobalSection(ProjectConfigurationPlatforms) = postSolution
		{4EF0FBFE-9C6E-4B38-8B5F-8231D67EFF3B}.Debug|Any CPU.ActiveCfg = Debug|Any CPU
		{4EF0FBFE-9C6E-4B38-8B5F-8231D67EFF3B}.Debug|Any CPU.Build.0 = Debug|Any CPU
		{4EF0FBFE-9C6E-4B38-8B5F-8231D67EFF3B}.Release|Any CPU.ActiveCfg = Release|Any CPU
		{4EF0FBFE-9C6E-4B38-8B5F-8231D67EFF3B}.Release|Any CPU.Build.0 = Release|Any CPU
	EndGlobalSection
	GlobalSection(SolutionProperties) = preSolution
		HideSolutionNode = FALSE
	EndGlobalSection
	GlobalSection(ExtensibilityGlobals) = postSolution
		SolutionGuid = {0A2B8DA3-42DF-4709-AA5B-F28867C33C31}
	EndGlobalSection
EndGlobal
